{
  "name": "scanner-open",
  "version": "0.1.0",
  "lockfileVersion": 3,
  "requires": true,
  "packages": {
    "": {
      "name": "scanner-open",
      "version": "0.1.0",
      "license": "MIT",
      "workspaces": [
        "packages/scanner-core",
        "packages/scanner-cli"
      ]
    },
    "node_modules/@scanner-open/cli": {
      "resolved": "packages/scanner-cli",
      "link": true
    },
    "node_modules/@scanner-open/core": {
      "resolved": "packages/scanner-core",
      "link": true
    },
    "packages/scanner-cli": {
      "name": "@scanner-open/cli",
      "version": "0.1.0",
      "license": "MIT",
      "dependencies": {
        "@scanner-open/core": "file:../scanner-core"
      },
      "bin": {
        "scanner": "bin/scanner.js"
      }
    },
    "packages/scanner-core": {
      "name": "@scanner-open/core",
      "version": "0.1.0",
      "license": "MIT"
    }
  }
}
